
Microsoft Visual Studio Solution File, Format Version 12.00
# Visual Studio Version 17
VisualStudioVersion = 17.0.31903.59
MinimumVisualStudioVersion = 10.0.40219.1
Project("{FAE04EC0-301F-11D3-BF4B-00C04F79EFBC}") = "DisplayBoard.Core", "DisplayBoard.Core\DisplayBoard.Core.csproj", "{AF927E3F-EF3E-44D6-AB7F-428B8750BC45}"
EndProject
Project("{FAE04EC0-301F-11D3-BF4B-00C04F79EFBC}") = "DisplayBoard.App", "DisplayBoard.App\DisplayBoard.App.csproj", "{A8186BDA-CD15-4F4D-9F16-54DD90AD19F6}"
EndProject
Project("{FAE04EC0-301F-11D3-BF4B-00C04F79EFBC}") = "DisplayBoard.Tests", "DisplayBoard.Tests\DisplayBoard.Tests.csproj", "{28E573A4-A5F4-4D47-A619-FAA833641E7D}"
EndProject
Global
	GlobalSection(SolutionConfigurationPlatforms) = preSolution
		Debug|Any CPU = Debug|Any CPU
		Debug|x64 = Debug|x64
		Debug|x86 = Debug|x86
		Release|Any CPU = Release|Any CPU
		Release|x64 = Release|x64
		Release|x86 = Release|x86
	EndGlobalSection
	GlobalSection(ProjectConfigurationPlatforms) = postSolution
		{AF927E3F-EF3E-44D6-AB7F-428B8750BC45}.Debug|Any CPU.ActiveCfg = Debug|Any CPU
		{AF927E3F-EF3E-44D6-AB7F-428B8750BC45}.Debug|Any CPU.Build.0 = Debug|Any CPU
		{AF927E3F-EF3E-44D6-AB7F-428B8750BC45}.Debug|x64.ActiveCfg = Debug|Any CPU
		{AF927E3F-EF3E-44D6-AB7F-428B8750BC45}.Debug|x64.Build.0 = Debug|Any CPU
		{AF927E3F-EF3E-44D6-AB7F-428B8750BC45}.Debug|x86.ActiveCfg = Debug|Any CPU
		{AF927E3F-EF3E-44D6-AB7F-428B8750BC45}.Debug|x86.Build.0 = Debug|Any CPU
		{AF927E3F-EF3E-44D6-AB7F-428B8750BC45}.Release|Any CPU.ActiveCfg = Release|Any CPU
		{AF927E3F-EF3E-44D6-AB7F-428B8750BC45}.Release|Any CPU.Build.0 = Release|Any CPU
		{AF927E3F-EF3E-44D6-AB7F-428B8750BC45}.Release|x64.ActiveCfg = Release|Any CPU
		{AF927E3F-EF3E-44D6-AB7F-428B8750BC45}.Release|x64.Build.0 = Release|Any CPU
		{AF927E3F-EF3E-44D6-AB7F-428B8750BC45}.Release|x86.ActiveCfg = Release|Any CPU
		{AF927E3F-EF3E-44D6-AB7F-428B8750BC45}.Release|x86.Build.0 = Release|Any CPU
		{A8186BDA-CD15-4F4D-9F16-54DD90AD19F6}.Debug|Any CPU.ActiveCfg = Debug|Any CPU
		{A8186BDA-CD15-4F4D-9F16-54DD90AD19F6}.Debug|Any CPU.Build.0 = Debug|Any CPU
		{A8186BDA-CD15-4F4D-9F16-54DD90AD19F6}.Debug|x64.ActiveCfg = Debug|Any CPU
		{A8186BDA-CD15-4F4D-9F16-54DD90AD19F6}.Debug|x64.Build.0 = Debug|Any CPU
		{A8186BDA-CD15-4F4D-9F16-54DD90AD19F6}.Debug|x86.ActiveCfg = Debug|Any CPU
		{A8186BDA-CD15-4F4D-9F16-54DD90AD19F6}.Debug|x86.Build.0 = Debug|Any CPU
		{A8186BDA-CD15-4F4D-9F16-54DD90AD19F6}.Release|Any CPU.ActiveCfg = Release|Any CPU
		{A8186BDA-CD15-4F4D-9F16-54DD90AD19F6}.Release|Any CPU.Build.0 = Release|Any CPU
		{A8186BDA-CD15-4F4D-9F16-54DD90AD19F6}.Release|x64.ActiveCfg = Release|Any CPU
		{A8186BDA-CD15-4F4D-9F16-54DD90AD19F6}.Release|x64.Build.0 = Release|Any CPU
		{A8186BDA-CD15-4F4D-9F16-54DD90AD19F6}.Release|x86.ActiveCfg = Release|Any CPU
		{A8186BDA-CD15-4F4D-9F16-54DD90AD19F6}.Release|x86.Build.0 = Release|Any CPU
		{28E573A4-A5F4-4D47-A619-FAA833641E7D}.Debug|Any CPU.ActiveCfg = Debug|Any CPU
		{28E573A4-A5F4-4D47-A619-FAA833641E7D}.Debug|Any CPU.Build.0 = Debug|Any CPU
		{28E573A4-A5F4-4D47-A619-FAA833641E7D}.Debug|x64.ActiveCfg = Debug|Any CPU
		{28E573A4-A5F4-4D47-A619-FAA833641E7D}.Debug|x64.Build.0 = Debug|Any CPU
		{28E573A4-A5F4-4D47-A619-FAA833641E7D}.Debug|x86.ActiveCfg = Debug|Any CPU
		{28E573A4-A5F4-4D47-A619-FAA833641E7D}.Debug|x86.Build.0 = Debug|Any CPU
		{28E573A4-A5F4-4D47-A619-FAA833641E7D}.Release|Any CPU.ActiveCfg = Release|Any CPU
		{28E573A4-A5F4-4D47-A619-FAA833641E7D}.Release|Any CPU.Build.0 = Release|Any CPU
		{28E573A4-A5F4-4D47-A619-FAA833641E7D}.Release|x64.ActiveCfg = Release|Any CPU
		{28E573A4-A5F4-4D47-A619-FAA833641E7D}.Release|x64.Build.0 = Release|Any CPU
		{28E573A4-A5F4-4D47-A619-FAA833641E7D}.Release|x86.ActiveCfg = Release|Any CPU
		{28E573A4-A5F4-4D47-A619-FAA833641E7D}.Release|x86.Build.0 = Release|Any CPU
	EndGlobalSection
	GlobalSection(SolutionProperties) = preSolution
		HideSolutionNode = FALSE
	EndGlobalSection
EndGlobal
